
Microsoft Visual Studio Solution File, Format Version 12.00
# Visual Studio 15
VisualStudioVersion = 15.0.28307.757
MinimumVisualStudioVersion = 10.0.40219.1
Project("{FAE04EC0-301F-11D3-BF4B-00C04F79EFBC}") = "URI_1011", "URI_1011\URI_1011.csproj", "{EEC2D1C1-5058-439D-8D5A-17CED5EACFD9}"
EndProject
Global
	GlobalSection(SolutionConfigurationPlatforms) = preSolution
		Debug|Any CPU = Debug|Any CPU
		Release|Any CPU = Release|Any CPU
	EndGlobalSection
	GlobalSection(ProjectConfigurationPlatforms) = postSolution
		{EEC2D1C1-5058-439D-8D5A-17CED5EACFD9}.Debug|Any CPU.ActiveCfg = Debug|Any CPU
		{EEC2D1C1-5058-439D-8D5A-17CED5EACFD9}.Debug|Any CPU.Build.0 = Debug|Any CPU
		{EEC2D1C1-5058-439D-8D5A-17CED5EACFD9}.Release|Any CPU.ActiveCfg = Release|Any CPU
		{EEC2D1C1-5058-439D-8D5A-17CED5EACFD9}.Release|Any CPU.Build.0 = Release|Any CPU
	EndGlobalSection
	GlobalSection(SolutionProperties) = preSolution
		HideSolutionNode = FALSE
	EndGlobalSection
	GlobalSection(ExtensibilityGlobals) = postSolution
		SolutionGuid = {AD20CCDF-EAD0-4B7A-9D18-2FB7F047CF4E}
	EndGlobalSection
EndGlobal
