
Microsoft Visual Studio Solution File, Format Version 12.00
# Visual Studio 15
VisualStudioVersion = 15.0.28307.757
MinimumVisualStudioVersion = 10.0.40219.1
Project("{FAE04EC0-301F-11D3-BF4B-00C04F79EFBC}") = "URI_1005", "URI_1005\URI_1005.csproj", "{F2751105-1803-4543-AC6D-C9047B1F1529}"
EndProject
Global
	GlobalSection(SolutionConfigurationPlatforms) = preSolution
		Debug|Any CPU = Debug|Any CPU
		Release|Any CPU = Release|Any CPU
	EndGlobalSection
	GlobalSection(ProjectConfigurationPlatforms) = postSolution
		{F2751105-1803-4543-AC6D-C9047B1F1529}.Debug|Any CPU.ActiveCfg = Debug|Any CPU
		{F2751105-1803-4543-AC6D-C9047B1F1529}.Debug|Any CPU.Build.0 = Debug|Any CPU
		{F2751105-1803-4543-AC6D-C9047B1F1529}.Release|Any CPU.ActiveCfg = Release|Any CPU
		{F2751105-1803-4543-AC6D-C9047B1F1529}.Release|Any CPU.Build.0 = Release|Any CPU
	EndGlobalSection
	GlobalSection(SolutionProperties) = preSolution
		HideSolutionNode = FALSE
	EndGlobalSection
	GlobalSection(ExtensibilityGlobals) = postSolution
		SolutionGuid = {CF382E17-0B0D-4451-B748-EF0E3BF86366}
	EndGlobalSection
EndGlobal
