
Microsoft Visual Studio Solution File, Format Version 12.00
# Visual Studio 15
VisualStudioVersion = 15.0.28307.757
MinimumVisualStudioVersion = 10.0.40219.1
Project("{FAE04EC0-301F-11D3-BF4B-00C04F79EFBC}") = "URI_1010", "URI_1010\URI_1010.csproj", "{CA72DAEC-BC56-44C9-A21C-2D92046467D6}"
EndProject
Global
	GlobalSection(SolutionConfigurationPlatforms) = preSolution
		Debug|Any CPU = Debug|Any CPU
		Release|Any CPU = Release|Any CPU
	EndGlobalSection
	GlobalSection(ProjectConfigurationPlatforms) = postSolution
		{CA72DAEC-BC56-44C9-A21C-2D92046467D6}.Debug|Any CPU.ActiveCfg = Debug|Any CPU
		{CA72DAEC-BC56-44C9-A21C-2D92046467D6}.Debug|Any CPU.Build.0 = Debug|Any CPU
		{CA72DAEC-BC56-44C9-A21C-2D92046467D6}.Release|Any CPU.ActiveCfg = Release|Any CPU
		{CA72DAEC-BC56-44C9-A21C-2D92046467D6}.Release|Any CPU.Build.0 = Release|Any CPU
	EndGlobalSection
	GlobalSection(SolutionProperties) = preSolution
		HideSolutionNode = FALSE
	EndGlobalSection
	GlobalSection(ExtensibilityGlobals) = postSolution
		SolutionGuid = {0E125C48-E422-4F99-A140-3FE13A585ED2}
	EndGlobalSection
EndGlobal
